// !$*UTF8*$!
{
	archiveVersion = 1;
	classes = {
	};
	objectVersion = 50;
	objects = {

/* Begin PBXBuildFile section */
		2128727E26F3C4D100B95229 /* AppDelegate.swift in Sources */ = {isa = PBXBuildFile; fileRef = 2128727D26F3C4D100B95229 /* AppDelegate.swift */; };
		2128728026F3C4D100B95229 /* SceneDelegate.swift in Sources */ = {isa = PBXBuildFile; fileRef = 2128727F26F3C4D100B95229 /* SceneDelegate.swift */; };
		2128728226F3C4D100B95229 /* MainViewController.swift in Sources */ = {isa = PBXBuildFile; fileRef = 2128728126F3C4D100B95229 /* MainViewController.swift */; };
		2128728526F3C4D100B95229 /* Main.storyboard in Resources */ = {isa = PBXBuildFile; fileRef = 2128728326F3C4D100B95229 /* Main.storyboard */; };
		2128728726F3C4D500B95229 /* Assets.xcassets in Resources */ = {isa = PBXBuildFile; fileRef = 2128728626F3C4D500B95229 /* Assets.xcassets */; };
		2128728A26F3C4D500B95229 /* LaunchScreen.storyboard in Resources */ = {isa = PBXBuildFile; fileRef = 2128728826F3C4D500B95229 /* LaunchScreen.storyboard */; };
		2128729626F3C60A00B95229 /* NetworkConfiguration.swift in Sources */ = {isa = PBXBuildFile; fileRef = 2128729526F3C60A00B95229 /* NetworkConfiguration.swift */; };
		2128729826F3C61A00B95229 /* NetworkService.swift in Sources */ = {isa = PBXBuildFile; fileRef = 2128729726F3C61A00B95229 /* NetworkService.swift */; };
		2128729A26F3C6E300B95229 /* BeerData.swift in Sources */ = {isa = PBXBuildFile; fileRef = 2128729926F3C6E300B95229 /* BeerData.swift */; };
		2128729C26F3CB8E00B95229 /* CalendarModel.swift in Sources */ = {isa = PBXBuildFile; fileRef = 2128729B26F3CB8E00B95229 /* CalendarModel.swift */; };
/* End PBXBuildFile section */

/* Begin PBXFileReference section */
		2128727A26F3C4D100B95229 /* DateChecker.app */ = {isa = PBXFileReference; explicitFileType = wrapper.application; includeInIndex = 0; path = DateChecker.app; sourceTree = BUILT_PRODUCTS_DIR; };
		2128727D26F3C4D100B95229 /* AppDelegate.swift */ = {isa = PBXFileReference; lastKnownFileType = sourcecode.swift; path = AppDelegate.swift; sourceTree = "<group>"; };
		2128727F26F3C4D100B95229 /* SceneDelegate.swift */ = {isa = PBXFileReference; lastKnownFileType = sourcecode.swift; path = SceneDelegate.swift; sourceTree = "<group>"; };
		2128728126F3C4D100B95229 /* MainViewController.swift */ = {isa = PBXFileReference; lastKnownFileType = sourcecode.swift; path = MainViewController.swift; sourceTree = "<group>"; };
		2128728426F3C4D100B95229 /* Base */ = {isa = PBXFileReference; lastKnownFileType = file.storyboard; name = Base; path = Base.lproj/Main.storyboard; sourceTree = "<group>"; };
		2128728626F3C4D500B95229 /* Assets.xcassets */ = {isa = PBXFileReference; lastKnownFileType = folder.assetcatalog; path = Assets.xcassets; sourceTree = "<group>"; };
		2128728926F3C4D500B95229 /* Base */ = {isa = PBXFileReference; lastKnownFileType = file.storyboard; name = Base; path = Base.lproj/LaunchScreen.storyboard; sourceTree = "<group>"; };
		2128728B26F3C4D500B95229 /* Info.plist */ = {isa = PBXFileReference; lastKnownFileType = text.plist.xml; path = Info.plist; sourceTree = "<group>"; };
		2128729526F3C60A00B95229 /* NetworkConfiguration.swift */ = {isa = PBXFileReference; lastKnownFileType = sourcecode.swift; name = NetworkConfiguration.swift; path = ../../../NetworkConfiguration.swift; sourceTree = "<group>"; };
		2128729726F3C61A00B95229 /* NetworkService.swift */ = {isa = PBXFileReference; lastKnownFileType = sourcecode.swift; path = NetworkService.swift; sourceTree = "<group>"; };
		2128729926F3C6E300B95229 /* BeerData.swift */ = {isa = PBXFileReference; lastKnownFileType = sourcecode.swift; path = BeerData.swift; sourceTree = "<group>"; };
		2128729B26F3CB8E00B95229 /* CalendarModel.swift */ = {isa = PBXFileReference; lastKnownFileType = sourcecode.swift; path = CalendarModel.swift; sourceTree = "<group>"; };
/* End PBXFileReference section */

/* Begin PBXFrameworksBuildPhase section */
		2128727726F3C4D100B95229 /* Frameworks */ = {
			isa = PBXFrameworksBuildPhase;
			buildActionMask = 2147483647;
			files = (
			);
			runOnlyForDeploymentPostprocessing = 0;
		};
/* End PBXFrameworksBuildPhase section */

/* Begin PBXGroup section */
		2128727126F3C4D100B95229 = {
			isa = PBXGroup;
			children = (
				2128727C26F3C4D100B95229 /* DateChecker */,
				2128727B26F3C4D100B95229 /* Products */,
			);
			sourceTree = "<group>";
		};
		2128727B26F3C4D100B95229 /* Products */ = {
			isa = PBXGroup;
			children = (
				2128727A26F3C4D100B95229 /* DateChecker.app */,
			);
			name = Products;
			sourceTree = "<group>";
		};
		2128727C26F3C4D100B95229 /* DateChecker */ = {
			isa = PBXGroup;
			children = (
				2128729426F3C5F800B95229 /* Model */,
				2128729326F3C5EE00B95229 /* Network */,
				2128729126F3C5BC00B95229 /* SupportFiles */,
				2128728126F3C4D100B95229 /* MainViewController.swift */,
				2128728326F3C4D100B95229 /* Main.storyboard */,
				2128728626F3C4D500B95229 /* Assets.xcassets */,
				2128728B26F3C4D500B95229 /* Info.plist */,
			);
			path = DateChecker;
			sourceTree = "<group>";
		};
		2128729126F3C5BC00B95229 /* SupportFiles */ = {
			isa = PBXGroup;
			children = (
				2128727D26F3C4D100B95229 /* AppDelegate.swift */,
				2128727F26F3C4D100B95229 /* SceneDelegate.swift */,
				2128728826F3C4D500B95229 /* LaunchScreen.storyboard */,
			);
			path = SupportFiles;
			sourceTree = "<group>";
		};
		2128729326F3C5EE00B95229 /* Network */ = {
			isa = PBXGroup;
			children = (
				2128729526F3C60A00B95229 /* NetworkConfiguration.swift */,
				2128729726F3C61A00B95229 /* NetworkService.swift */,
			);
			path = Network;
			sourceTree = "<group>";
		};
		2128729426F3C5F800B95229 /* Model */ = {
			isa = PBXGroup;
			children = (
				2128729926F3C6E300B95229 /* BeerData.swift */,
				2128729B26F3CB8E00B95229 /* CalendarModel.swift */,
			);
			path = Model;
			sourceTree = "<group>";
		};
/* End PBXGroup section */

/* Begin PBXNativeTarget section */
		2128727926F3C4D100B95229 /* DateChecker */ = {
			isa = PBXNativeTarget;
			buildConfigurationList = 2128728E26F3C4D500B95229 /* Build configuration list for PBXNativeTarget "DateChecker" */;
			buildPhases = (
				2128727626F3C4D100B95229 /* Sources */,
				2128727726F3C4D100B95229 /* Frameworks */,
				2128727826F3C4D100B95229 /* Resources */,
			);
			buildRules = (
			);
			dependencies = (
			);
			name = DateChecker;
			productName = DateChecker;
			productReference = 2128727A26F3C4D100B95229 /* DateChecker.app */;
			productType = "com.apple.product-type.application";
		};
/* End PBXNativeTarget section */

/* Begin PBXProject section */
		2128727226F3C4D100B95229 /* Project object */ = {
			isa = PBXProject;
			attributes = {
				LastSwiftUpdateCheck = 1250;
				LastUpgradeCheck = 1250;
				TargetAttributes = {
					2128727926F3C4D100B95229 = {
						CreatedOnToolsVersion = 12.5.1;
					};
				};
			};
			buildConfigurationList = 2128727526F3C4D100B95229 /* Build configuration list for PBXProject "DateChecker" */;
			compatibilityVersion = "Xcode 9.3";
			developmentRegion = en;
			hasScannedForEncodings = 0;
			knownRegions = (
				en,
				Base,
			);
			mainGroup = 2128727126F3C4D100B95229;
			productRefGroup = 2128727B26F3C4D100B95229 /* Products */;
			projectDirPath = "";
			projectRoot = "";
			targets = (
				2128727926F3C4D100B95229 /* DateChecker */,
			);
		};
/* End PBXProject section */

/* Begin PBXResourcesBuildPhase section */
		2128727826F3C4D100B95229 /* Resources */ = {
			isa = PBXResourcesBuildPhase;
			buildActionMask = 2147483647;
			files = (
				2128728A26F3C4D500B95229 /* LaunchScreen.storyboard in Resources */,
				2128728726F3C4D500B95229 /* Assets.xcassets in Resources */,
				2128728526F3C4D100B95229 /* Main.storyboard in Resources */,
			);
			runOnlyForDeploymentPostprocessing = 0;
		};
/* End PBXResourcesBuildPhase section */

/* Begin PBXSourcesBuildPhase section */
		2128727626F3C4D100B95229 /* Sources */ = {
			isa = PBXSourcesBuildPhase;
			buildActionMask = 2147483647;
			files = (
				2128729C26F3CB8E00B95229 /* CalendarModel.swift in Sources */,
				2128729826F3C61A00B95229 /* NetworkService.swift in Sources */,
				2128729A26F3C6E300B95229 /* BeerData.swift in Sources */,
				2128728226F3C4D100B95229 /* MainViewController.swift in Sources */,
				2128727E26F3C4D100B95229 /* AppDelegate.swift in Sources */,
				2128728026F3C4D100B95229 /* SceneDelegate.swift in Sources */,
				2128729626F3C60A00B95229 /* NetworkConfiguration.swift in Sources */,
			);
			runOnlyForDeploymentPostprocessing = 0;
		};
/* End PBXSourcesBuildPhase section */

/* Begin PBXVariantGroup section */
		2128728326F3C4D100B95229 /* Main.storyboard */ = {
			isa = PBXVariantGroup;
			children = (
				2128728426F3C4D100B95229 /* Base */,
			);
			name = Main.storyboard;
			sourceTree = "<group>";
		};
		2128728826F3C4D500B95229 /* LaunchScreen.storyboard */ = {
			isa = PBXVariantGroup;
			children = (
				2128728926F3C4D500B95229 /* Base */,
			);
			name = LaunchScreen.storyboard;
			sourceTree = "<group>";
		};
/* End PBXVariantGroup section */

/* Begin XCBuildConfiguration section */
		2128728C26F3C4D500B95229 /* Debug */ = {
			isa = XCBuildConfiguration;
			buildSettings = {
				ALWAYS_SEARCH_USER_PATHS = NO;
				CLANG_ANALYZER_NONNULL = YES;
				CLANG_ANALYZER_NUMBER_OBJECT_CONVERSION = YES_AGGRESSIVE;
				CLANG_CXX_LANGUAGE_STANDARD = "gnu++14";
				CLANG_CXX_LIBRARY = "libc++";
				CLANG_ENABLE_MODULES = YES;
				CLANG_ENABLE_OBJC_ARC = YES;
				CLANG_ENABLE_OBJC_WEAK = YES;
				CLANG_WARN_BLOCK_CAPTURE_AUTORELEASING = YES;
				CLANG_WARN_BOOL_CONVERSION = YES;
				CLANG_WARN_COMMA = YES;
				CLANG_WARN_CONSTANT_CONVERSION = YES;
				CLANG_WARN_DEPRECATED_OBJC_IMPLEMENTATIONS = YES;
				CLANG_WARN_DIRECT_OBJC_ISA_USAGE = YES_ERROR;
				CLANG_WARN_DOCUMENTATION_COMMENTS = YES;
				CLANG_WARN_EMPTY_BODY = YES;
				CLANG_WARN_ENUM_CONVERSION = YES;
				CLANG_WARN_INFINITE_RECURSION = YES;
				CLANG_WARN_INT_CONVERSION = YES;
				CLANG_WARN_NON_LITERAL_NULL_CONVERSION = YES;
				CLANG_WARN_OBJC_IMPLICIT_RETAIN_SELF = YES;
				CLANG_WARN_OBJC_LITERAL_CONVERSION = YES;
				CLANG_WARN_OBJC_ROOT_CLASS = YES_ERROR;
				CLANG_WARN_QUOTED_INCLUDE_IN_FRAMEWORK_HEADER = YES;
				CLANG_WARN_RANGE_LOOP_ANALYSIS = YES;
				CLANG_WARN_STRICT_PROTOTYPES = YES;
				CLANG_WARN_SUSPICIOUS_MOVE = YES;
				CLANG_WARN_UNGUARDED_AVAILABILITY = YES_AGGRESSIVE;
				CLANG_WARN_UNREACHABLE_CODE = YES;
				CLANG_WARN__DUPLICATE_METHOD_MATCH = YES;
				COPY_PHASE_STRIP = NO;
				DEBUG_INFORMATION_FORMAT = dwarf;
				ENABLE_STRICT_OBJC_MSGSEND = YES;
				ENABLE_TESTABILITY = YES;
				GCC_C_LANGUAGE_STANDARD = gnu11;
				GCC_DYNAMIC_NO_PIC = NO;
				GCC_NO_COMMON_BLOCKS = YES;
				GCC_OPTIMIZATION_LEVEL = 0;
				GCC_PREPROCESSOR_DEFINITIONS = (
					"DEBUG=1",
					"$(inherited)",
				);
				GCC_WARN_64_TO_32_BIT_CONVERSION = YES;
				GCC_WARN_ABOUT_RETURN_TYPE = YES_ERROR;
				GCC_WARN_UNDECLARED_SELECTOR = YES;
				GCC_WARN_UNINITIALIZED_AUTOS = YES_AGGRESSIVE;
				GCC_WARN_UNUSED_FUNCTION = YES;
				GCC_WARN_UNUSED_VARIABLE = YES;
				IPHONEOS_DEPLOYMENT_TARGET = 14.5;
				MTL_ENABLE_DEBUG_INFO = INCLUDE_SOURCE;
				MTL_FAST_MATH = YES;
				ONLY_ACTIVE_ARCH = YES;
				SDKROOT = iphoneos;
				SWIFT_ACTIVE_COMPILATION_CONDITIONS = DEBUG;
				SWIFT_OPTIMIZATION_LEVEL = "-Onone";
			};
			name = Debug;
		};
		2128728D26F3C4D500B95229 /* Release */ = {
			isa = XCBuildConfiguration;
			buildSettings = {
				ALWAYS_SEARCH_USER_PATHS = NO;
				CLANG_ANALYZER_NONNULL = YES;
				CLANG_ANALYZER_NUMBER_OBJECT_CONVERSION = YES_AGGRESSIVE;
				CLANG_CXX_LANGUAGE_STANDARD = "gnu++14";
				CLANG_CXX_LIBRARY = "libc++";
				CLANG_ENABLE_MODULES = YES;
				CLANG_ENABLE_OBJC_ARC = YES;
				CLANG_ENABLE_OBJC_WEAK = YES;
				CLANG_WARN_BLOCK_CAPTURE_AUTORELEASING = YES;
				CLANG_WARN_BOOL_CONVERSION = YES;
				CLANG_WARN_COMMA = YES;
				CLANG_WARN_CONSTANT_CONVERSION = YES;
				CLANG_WARN_DEPRECATED_OBJC_IMPLEMENTATIONS = YES;
				CLANG_WARN_DIRECT_OBJC_ISA_USAGE = YES_ERROR;
				CLANG_WARN_DOCUMENTATION_COMMENTS = YES;
				CLANG_WARN_EMPTY_BODY = YES;
				CLANG_WARN_ENUM_CONVERSION = YES;
				CLANG_WARN_INFINITE_RECURSION = YES;
				CLANG_WARN_INT_CONVERSION = YES;
				CLANG_WARN_NON_LITERAL_NULL_CONVERSION = YES;
				CLANG_WARN_OBJC_IMPLICIT_RETAIN_SELF = YES;
				CLANG_WARN_OBJC_LITERAL_CONVERSION = YES;
				CLANG_WARN_OBJC_ROOT_CLASS = YES_ERROR;
				CLANG_WARN_QUOTED_INCLUDE_IN_FRAMEWORK_HEADER = YES;
				CLANG_WARN_RANGE_LOOP_ANALYSIS = YES;
				CLANG_WARN_STRICT_PROTOTYPES = YES;
				CLANG_WARN_SUSPICIOUS_MOVE = YES;
				CLANG_WARN_UNGUARDED_AVAILABILITY = YES_AGGRESSIVE;
				CLANG_WARN_UNREACHABLE_CODE = YES;
				CLANG_WARN__DUPLICATE_METHOD_MATCH = YES;
				COPY_PHASE_STRIP = NO;
				DEBUG_INFORMATION_FORMAT = "dwarf-with-dsym";
				ENABLE_NS_ASSERTIONS = NO;
				ENABLE_STRICT_OBJC_MSGSEND = YES;
				GCC_C_LANGUAGE_STANDARD = gnu11;
				GCC_NO_COMMON_BLOCKS = YES;
				GCC_WARN_64_TO_32_BIT_CONVERSION = YES;
				GCC_WARN_ABOUT_RETURN_TYPE = YES_ERROR;
				GCC_WARN_UNDECLARED_SELECTOR = YES;
				GCC_WARN_UNINITIALIZED_AUTOS = YES_AGGRESSIVE;
				GCC_WARN_UNUSED_FUNCTION = YES;
				GCC_WARN_UNUSED_VARIABLE = YES;
				IPHONEOS_DEPLOYMENT_TARGET = 14.5;
				MTL_ENABLE_DEBUG_INFO = NO;
				MTL_FAST_MATH = YES;
				SDKROOT = iphoneos;
				SWIFT_COMPILATION_MODE = wholemodule;
				SWIFT_OPTIMIZATION_LEVEL = "-O";
				VALIDATE_PRODUCT = YES;
			};
			name = Release;
		};
		2128728F26F3C4D500B95229 /* Debug */ = {
			isa = XCBuildConfiguration;
			buildSettings = {
				ASSETCATALOG_COMPILER_APPICON_NAME = AppIcon;
				ASSETCATALOG_COMPILER_GLOBAL_ACCENT_COLOR_NAME = AccentColor;
				CODE_SIGN_STYLE = Automatic;
				DEVELOPMENT_TEAM = 4524FJSV52;
				INFOPLIST_FILE = DateChecker/Info.plist;
				IPHONEOS_DEPLOYMENT_TARGET = 13.0;
				LD_RUNPATH_SEARCH_PATHS = (
					"$(inherited)",
					"@executable_path/Frameworks",
				);
				PRODUCT_BUNDLE_IDENTIFIER = ru.myOrg.DateChecker;
				PRODUCT_NAME = "$(TARGET_NAME)";
				SWIFT_VERSION = 5.0;
				TARGETED_DEVICE_FAMILY = 1;
			};
			name = Debug;
		};
		2128729026F3C4D500B95229 /* Release */ = {
			isa = XCBuildConfiguration;
			buildSettings = {
				ASSETCATALOG_COMPILER_APPICON_NAME = AppIcon;
				ASSETCATALOG_COMPILER_GLOBAL_ACCENT_COLOR_NAME = AccentColor;
				CODE_SIGN_STYLE = Automatic;
				DEVELOPMENT_TEAM = 4524FJSV52;
				INFOPLIST_FILE = DateChecker/Info.plist;
				IPHONEOS_DEPLOYMENT_TARGET = 13.0;
				LD_RUNPATH_SEARCH_PATHS = (
					"$(inherited)",
					"@executable_path/Frameworks",
				);
				PRODUCT_BUNDLE_IDENTIFIER = ru.myOrg.DateChecker;
				PRODUCT_NAME = "$(TARGET_NAME)";
				SWIFT_VERSION = 5.0;
				TARGETED_DEVICE_FAMILY = 1;
			};
			name = Release;
		};
/* End XCBuildConfiguration section */

/* Begin XCConfigurationList section */
		2128727526F3C4D100B95229 /* Build configuration list for PBXProject "DateChecker" */ = {
			isa = XCConfigurationList;
			buildConfigurations = (
				2128728C26F3C4D500B95229 /* Debug */,
				2128728D26F3C4D500B95229 /* Release */,
			);
			defaultConfigurationIsVisible = 0;
			defaultConfigurationName = Release;
		};
		2128728E26F3C4D500B95229 /* Build configuration list for PBXNativeTarget "DateChecker" */ = {
			isa = XCConfigurationList;
			buildConfigurations = (
				2128728F26F3C4D500B95229 /* Debug */,
				2128729026F3C4D500B95229 /* Release */,
			);
			defaultConfigurationIsVisible = 0;
			defaultConfigurationName = Release;
		};
/* End XCConfigurationList section */
	};
	rootObject = 2128727226F3C4D100B95229 /* Project object */;
}
